{
  "lockfile_version": "1",
  "engine": ">=0.1,<0.2",
  "packs": [
    {
      "id": "block-no-verify",
      "version": "0.0.1",
      "managed": false,
      "sha256": "1d08a93599746a5d41d7635c64191dd74292ec1c64448477e900d7a7fdbc09d6",
      "source": "local",
      "artifacts_sha256": "e77e14ef62a5b2af57c23a222c82c26258a1f153e3aa013e55504f08cc407782"
    },
    {
      "id": "protect-main-branch",
      "version": "0.0.1",
      "managed": false,
      "sha256": "ccfcb46828b7248d1a7a0b8e7ac79998d2f0f9adc617e5b8b31e3aad0f77c9b5",
      "source": "local",
      "artifacts_sha256": "1692297b1c1f19c59e1057d4a1b419927270d513735b88e832ed639bd782995d"
    }
  ]
}
